
Microsoft Visual Studio Solution File, Format Version 12.00
# Visual Studio Version 16
VisualStudioVersion = 16.0.31702.278
MinimumVisualStudioVersion = 10.0.40219.1
Project("{9A19103F-16F7-4668-BE54-9A1E7A4F7556}") = "Chess", "Chess\Chess.csproj", "{38E7A727-5D94-4E1B-A7F9-62C83FF55089}"
EndProject
Project("{FAE04EC0-301F-11D3-BF4B-00C04F79EFBC}") = "ChessTests", "ChessTests\ChessTests.csproj", "{DB0D2190-B1AD-40ED-9DE8-06C658723392}"
EndProject
Global
	GlobalSection(SolutionConfigurationPlatforms) = preSolution
		Debug|Any CPU = Debug|Any CPU
		Release|Any CPU = Release|Any CPU
	EndGlobalSection
	GlobalSection(ProjectConfigurationPlatforms) = postSolution
		{38E7A727-5D94-4E1B-A7F9-62C83FF55089}.Debug|Any CPU.ActiveCfg = Debug|Any CPU
		{38E7A727-5D94-4E1B-A7F9-62C83FF55089}.Debug|Any CPU.Build.0 = Debug|Any CPU
		{38E7A727-5D94-4E1B-A7F9-62C83FF55089}.Release|Any CPU.ActiveCfg = Release|Any CPU
		{38E7A727-5D94-4E1B-A7F9-62C83FF55089}.Release|Any CPU.Build.0 = Release|Any CPU
		{DB0D2190-B1AD-40ED-9DE8-06C658723392}.Debug|Any CPU.ActiveCfg = Debug|Any CPU
		{DB0D2190-B1AD-40ED-9DE8-06C658723392}.Debug|Any CPU.Build.0 = Debug|Any CPU
		{DB0D2190-B1AD-40ED-9DE8-06C658723392}.Release|Any CPU.ActiveCfg = Release|Any CPU
		{DB0D2190-B1AD-40ED-9DE8-06C658723392}.Release|Any CPU.Build.0 = Release|Any CPU
	EndGlobalSection
	GlobalSection(SolutionProperties) = preSolution
		HideSolutionNode = FALSE
	EndGlobalSection
	GlobalSection(ExtensibilityGlobals) = postSolution
		SolutionGuid = {76165AD2-6570-4DC9-8C5F-D78D96D9CD69}
	EndGlobalSection
EndGlobal
